
Microsoft Visual Studio Solution File, Format Version 12.00
# Visual Studio Version 17
VisualStudioVersion = 17.5.002.0
MinimumVisualStudioVersion = 10.0.40219.1
Project("{2150E333-8FDC-42A3-9474-1A3956D46DE8}") = "csharp-prep", "csharp-prep", "{61ADAC78-1967-4D96-8367-6A59C8DB6D72}"
EndProject
Project("{9A19103F-16F7-4668-BE54-9A1E7A4F7556}") = "Prep1", "csharp-prep\Prep1\Prep1.csproj", "{CBB4333D-84EE-485C-A86F-200A6B53C336}"
EndProject
Project("{9A19103F-16F7-4668-BE54-9A1E7A4F7556}") = "Prep2", "csharp-prep\Prep2\Prep2.csproj", "{FCCD78B2-8048-4179-9802-8A3E898E14F7}"
EndProject
Project("{9A19103F-16F7-4668-BE54-9A1E7A4F7556}") = "Prep3", "csharp-prep\Prep3\Prep3.csproj", "{6288E81C-39D5-44EF-A4F2-5535A3A8B7F3}"
EndProject
Project("{9A19103F-16F7-4668-BE54-9A1E7A4F7556}") = "Prep4", "csharp-prep\Prep4\Prep4.csproj", "{E3C11ECF-E6F0-4A01-9C25-63D69664505D}"
EndProject
Project("{9A19103F-16F7-4668-BE54-9A1E7A4F7556}") = "Prep5", "csharp-prep\Prep5\Prep5.csproj", "{F39F1AAC-4ACD-4E1D-8771-2572B400FFF7}"
EndProject
Project("{2150E333-8FDC-42A3-9474-1A3956D46DE8}") = "final", "final", "{8A55FF16-ADC5-4520-A70A-06AA3B3031CE}"
EndProject
Project("{9A19103F-16F7-4668-BE54-9A1E7A4F7556}") = "FinalProject", "final\FinalProject\FinalProject.csproj", "{B8E7F30F-C734-4ADA-B6D2-A0D7F3046D80}"
EndProject
Project("{9A19103F-16F7-4668-BE54-9A1E7A4F7556}") = "Foundation1", "final\Foundation1\Foundation1.csproj", "{CCB6DAE3-F0E6-4DCA-8D3B-3E8885FCCA8D}"
EndProject
Project("{9A19103F-16F7-4668-BE54-9A1E7A4F7556}") = "Foundation2", "final\Foundation2\Foundation2.csproj", "{11AB5D27-730B-470B-86C5-0E9297ED4DD3}"
EndProject
Project("{9A19103F-16F7-4668-BE54-9A1E7A4F7556}") = "Foundation3", "final\Foundation3\Foundation3.csproj", "{66735877-734F-4EE2-808B-CD581DF33DF5}"
EndProject
Project("{9A19103F-16F7-4668-BE54-9A1E7A4F7556}") = "Foundation4", "final\Foundation4\Foundation4.csproj", "{C46768A8-5F97-4C63-AD78-738D7BD7F72A}"
EndProject
Project("{2150E333-8FDC-42A3-9474-1A3956D46DE8}") = "prepare", "prepare", "{75BC42CE-D52B-483F-9B9B-AC7A92F4E066}"
EndProject
Project("{9A19103F-16F7-4668-BE54-9A1E7A4F7556}") = "Learning02", "prepare\Learning02\Learning02.csproj", "{4DDBB477-7942-40B5-9DEF-438887373F81}"
EndProject
Project("{9A19103F-16F7-4668-BE54-9A1E7A4F7556}") = "Learning03", "prepare\Learning03\Learning03.csproj", "{7BC05E87-D9FE-4AAB-B2E2-CAD86864FE2F}"
EndProject
Project("{9A19103F-16F7-4668-BE54-9A1E7A4F7556}") = "Learning04", "prepare\Learning04\Learning04.csproj", "{61959B55-6103-443A-A872-2AD45C03FA2F}"
EndProject
Project("{9A19103F-16F7-4668-BE54-9A1E7A4F7556}") = "Learning05", "prepare\Learning05\Learning05.csproj", "{DA7BD06D-2275-4250-BE4F-3255B7C1E573}"
EndProject
Project("{2150E333-8FDC-42A3-9474-1A3956D46DE8}") = "prove", "prove", "{6FB8A0A7-53B3-4E6E-B478-9B53EE0BEE34}"
EndProject
Project("{9A19103F-16F7-4668-BE54-9A1E7A4F7556}") = "Develop02", "prove\Develop02\Develop02.csproj", "{6BA019DC-0F04-48B0-88D2-6D71FE55D26E}"
EndProject
Project("{9A19103F-16F7-4668-BE54-9A1E7A4F7556}") = "Develop03", "prove\Develop03\Develop03.csproj", "{51F0B12B-C4CC-482E-868E-B563EE4B6B9B}"
EndProject
Project("{9A19103F-16F7-4668-BE54-9A1E7A4F7556}") = "Develop04", "prove\Develop04\Develop04.csproj", "{AA7B7ECA-CB4A-41AE-B121-4B88F5A19485}"
EndProject
Project("{9A19103F-16F7-4668-BE54-9A1E7A4F7556}") = "Develop05", "prove\Develop05\Develop05.csproj", "{0AEE7272-BF41-4158-9C98-0957B1122612}"
EndProject
Project("{2150E333-8FDC-42A3-9474-1A3956D46DE8}") = "sandbox", "sandbox", "{1C8C453C-A51B-492E-AC46-9C57324DF5CB}"
EndProject
Project("{9A19103F-16F7-4668-BE54-9A1E7A4F7556}") = "Sandbox", "sandbox\Sandbox\Sandbox.csproj", "{4F205D5E-135B-4268-AE38-711894EB0F8C}"
EndProject
Global
	GlobalSection(SolutionConfigurationPlatforms) = preSolution
		Debug|Any CPU = Debug|Any CPU
		Release|Any CPU = Release|Any CPU
	EndGlobalSection
	GlobalSection(ProjectConfigurationPlatforms) = postSolution
		{CBB4333D-84EE-485C-A86F-200A6B53C336}.Debug|Any CPU.ActiveCfg = Debug|Any CPU
		{CBB4333D-84EE-485C-A86F-200A6B53C336}.Debug|Any CPU.Build.0 = Debug|Any CPU
		{CBB4333D-84EE-485C-A86F-200A6B53C336}.Release|Any CPU.ActiveCfg = Release|Any CPU
		{CBB4333D-84EE-485C-A86F-200A6B53C336}.Release|Any CPU.Build.0 = Release|Any CPU
		{FCCD78B2-8048-4179-9802-8A3E898E14F7}.Debug|Any CPU.ActiveCfg = Debug|Any CPU
		{FCCD78B2-8048-4179-9802-8A3E898E14F7}.Debug|Any CPU.Build.0 = Debug|Any CPU
		{FCCD78B2-8048-4179-9802-8A3E898E14F7}.Release|Any CPU.ActiveCfg = Release|Any CPU
		{FCCD78B2-8048-4179-9802-8A3E898E14F7}.Release|Any CPU.Build.0 = Release|Any CPU
		{6288E81C-39D5-44EF-A4F2-5535A3A8B7F3}.Debug|Any CPU.ActiveCfg = Debug|Any CPU
		{6288E81C-39D5-44EF-A4F2-5535A3A8B7F3}.Debug|Any CPU.Build.0 = Debug|Any CPU
		{6288E81C-39D5-44EF-A4F2-5535A3A8B7F3}.Release|Any CPU.ActiveCfg = Release|Any CPU
		{6288E81C-39D5-44EF-A4F2-5535A3A8B7F3}.Release|Any CPU.Build.0 = Release|Any CPU
		{E3C11ECF-E6F0-4A01-9C25-63D69664505D}.Debug|Any CPU.ActiveCfg = Debug|Any CPU
		{E3C11ECF-E6F0-4A01-9C25-63D69664505D}.Debug|Any CPU.Build.0 = Debug|Any CPU
		{E3C11ECF-E6F0-4A01-9C25-63D69664505D}.Release|Any CPU.ActiveCfg = Release|Any CPU
		{E3C11ECF-E6F0-4A01-9C25-63D69664505D}.Release|Any CPU.Build.0 = Release|Any CPU
		{F39F1AAC-4ACD-4E1D-8771-2572B400FFF7}.Debug|Any CPU.ActiveCfg = Debug|Any CPU
		{F39F1AAC-4ACD-4E1D-8771-2572B400FFF7}.Debug|Any CPU.Build.0 = Debug|Any CPU
		{F39F1AAC-4ACD-4E1D-8771-2572B400FFF7}.Release|Any CPU.ActiveCfg = Release|Any CPU
		{F39F1AAC-4ACD-4E1D-8771-2572B400FFF7}.Release|Any CPU.Build.0 = Release|Any CPU
		{B8E7F30F-C734-4ADA-B6D2-A0D7F3046D80}.Debug|Any CPU.ActiveCfg = Debug|Any CPU
		{B8E7F30F-C734-4ADA-B6D2-A0D7F3046D80}.Debug|Any CPU.Build.0 = Debug|Any CPU
		{B8E7F30F-C734-4ADA-B6D2-A0D7F3046D80}.Release|Any CPU.ActiveCfg = Release|Any CPU
		{B8E7F30F-C734-4ADA-B6D2-A0D7F3046D80}.Release|Any CPU.Build.0 = Release|Any CPU
		{CCB6DAE3-F0E6-4DCA-8D3B-3E8885FCCA8D}.Debug|Any CPU.ActiveCfg = Debug|Any CPU
		{CCB6DAE3-F0E6-4DCA-8D3B-3E8885FCCA8D}.Debug|Any CPU.Build.0 = Debug|Any CPU
		{CCB6DAE3-F0E6-4DCA-8D3B-3E8885FCCA8D}.Release|Any CPU.ActiveCfg = Release|Any CPU
		{CCB6DAE3-F0E6-4DCA-8D3B-3E8885FCCA8D}.Release|Any CPU.Build.0 = Release|Any CPU
		{11AB5D27-730B-470B-86C5-0E9297ED4DD3}.Debug|Any CPU.ActiveCfg = Debug|Any CPU
		{11AB5D27-730B-470B-86C5-0E9297ED4DD3}.Debug|Any CPU.Build.0 = Debug|Any CPU
		{11AB5D27-730B-470B-86C5-0E9297ED4DD3}.Release|Any CPU.ActiveCfg = Release|Any CPU
		{11AB5D27-730B-470B-86C5-0E9297ED4DD3}.Release|Any CPU.Build.0 = Release|Any CPU
		{66735877-734F-4EE2-808B-CD581DF33DF5}.Debug|Any CPU.ActiveCfg = Debug|Any CPU
		{66735877-734F-4EE2-808B-CD581DF33DF5}.Debug|Any CPU.Build.0 = Debug|Any CPU
		{66735877-734F-4EE2-808B-CD581DF33DF5}.Release|Any CPU.ActiveCfg = Release|Any CPU
		{66735877-734F-4EE2-808B-CD581DF33DF5}.Release|Any CPU.Build.0 = Release|Any CPU
		{C46768A8-5F97-4C63-AD78-738D7BD7F72A}.Debug|Any CPU.ActiveCfg = Debug|Any CPU
		{C46768A8-5F97-4C63-AD78-738D7BD7F72A}.Debug|Any CPU.Build.0 = Debug|Any CPU
		{C46768A8-5F97-4C63-AD78-738D7BD7F72A}.Release|Any CPU.ActiveCfg = Release|Any CPU
		{C46768A8-5F97-4C63-AD78-738D7BD7F72A}.Release|Any CPU.Build.0 = Release|Any CPU
		{4DDBB477-7942-40B5-9DEF-438887373F81}.Debug|Any CPU.ActiveCfg = Debug|Any CPU
		{4DDBB477-7942-40B5-9DEF-438887373F81}.Debug|Any CPU.Build.0 = Debug|Any CPU
		{4DDBB477-7942-40B5-9DEF-438887373F81}.Release|Any CPU.ActiveCfg = Release|Any CPU
		{4DDBB477-7942-40B5-9DEF-438887373F81}.Release|Any CPU.Build.0 = Release|Any CPU
		{7BC05E87-D9FE-4AAB-B2E2-CAD86864FE2F}.Debug|Any CPU.ActiveCfg = Debug|Any CPU
		{7BC05E87-D9FE-4AAB-B2E2-CAD86864FE2F}.Debug|Any CPU.Build.0 = Debug|Any CPU
		{7BC05E87-D9FE-4AAB-B2E2-CAD86864FE2F}.Release|Any CPU.ActiveCfg = Release|Any CPU
		{7BC05E87-D9FE-4AAB-B2E2-CAD86864FE2F}.Release|Any CPU.Build.0 = Release|Any CPU
		{61959B55-6103-443A-A872-2AD45C03FA2F}.Debug|Any CPU.ActiveCfg = Debug|Any CPU
		{61959B55-6103-443A-A872-2AD45C03FA2F}.Debug|Any CPU.Build.0 = Debug|Any CPU
		{61959B55-6103-443A-A872-2AD45C03FA2F}.Release|Any CPU.ActiveCfg = Release|Any CPU
		{61959B55-6103-443A-A872-2AD45C03FA2F}.Release|Any CPU.Build.0 = Release|Any CPU
		{DA7BD06D-2275-4250-BE4F-3255B7C1E573}.Debug|Any CPU.ActiveCfg = Debug|Any CPU
		{DA7BD06D-2275-4250-BE4F-3255B7C1E573}.Debug|Any CPU.Build.0 = Debug|Any CPU
		{DA7BD06D-2275-4250-BE4F-3255B7C1E573}.Release|Any CPU.ActiveCfg = Release|Any CPU
		{DA7BD06D-2275-4250-BE4F-3255B7C1E573}.Release|Any CPU.Build.0 = Release|Any CPU
		{6BA019DC-0F04-48B0-88D2-6D71FE55D26E}.Debug|Any CPU.ActiveCfg = Debug|Any CPU
		{6BA019DC-0F04-48B0-88D2-6D71FE55D26E}.Debug|Any CPU.Build.0 = Debug|Any CPU
		{6BA019DC-0F04-48B0-88D2-6D71FE55D26E}.Release|Any CPU.ActiveCfg = Release|Any CPU
		{6BA019DC-0F04-48B0-88D2-6D71FE55D26E}.Release|Any CPU.Build.0 = Release|Any CPU
		{51F0B12B-C4CC-482E-868E-B563EE4B6B9B}.Debug|Any CPU.ActiveCfg = Debug|Any CPU
		{51F0B12B-C4CC-482E-868E-B563EE4B6B9B}.Debug|Any CPU.Build.0 = Debug|Any CPU
		{51F0B12B-C4CC-482E-868E-B563EE4B6B9B}.Release|Any CPU.ActiveCfg = Release|Any CPU
		{51F0B12B-C4CC-482E-868E-B563EE4B6B9B}.Release|Any CPU.Build.0 = Release|Any CPU
		{AA7B7ECA-CB4A-41AE-B121-4B88F5A19485}.Debug|Any CPU.ActiveCfg = Debug|Any CPU
		{AA7B7ECA-CB4A-41AE-B121-4B88F5A19485}.Debug|Any CPU.Build.0 = Debug|Any CPU
		{AA7B7ECA-CB4A-41AE-B121-4B88F5A19485}.Release|Any CPU.ActiveCfg = Release|Any CPU
		{AA7B7ECA-CB4A-41AE-B121-4B88F5A19485}.Release|Any CPU.Build.0 = Release|Any CPU
		{0AEE7272-BF41-4158-9C98-0957B1122612}.Debug|Any CPU.ActiveCfg = Debug|Any CPU
		{0AEE7272-BF41-4158-9C98-0957B1122612}.Debug|Any CPU.Build.0 = Debug|Any CPU
		{0AEE7272-BF41-4158-9C98-0957B1122612}.Release|Any CPU.ActiveCfg = Release|Any CPU
		{0AEE7272-BF41-4158-9C98-0957B1122612}.Release|Any CPU.Build.0 = Release|Any CPU
		{4F205D5E-135B-4268-AE38-711894EB0F8C}.Debug|Any CPU.ActiveCfg = Debug|Any CPU
		{4F205D5E-135B-4268-AE38-711894EB0F8C}.Debug|Any CPU.Build.0 = Debug|Any CPU
		{4F205D5E-135B-4268-AE38-711894EB0F8C}.Release|Any CPU.ActiveCfg = Release|Any CPU
		{4F205D5E-135B-4268-AE38-711894EB0F8C}.Release|Any CPU.Build.0 = Release|Any CPU
	EndGlobalSection
	GlobalSection(SolutionProperties) = preSolution
		HideSolutionNode = FALSE
	EndGlobalSection
	GlobalSection(NestedProjects) = preSolution
		{CBB4333D-84EE-485C-A86F-200A6B53C336} = {61ADAC78-1967-4D96-8367-6A59C8DB6D72}
		{FCCD78B2-8048-4179-9802-8A3E898E14F7} = {61ADAC78-1967-4D96-8367-6A59C8DB6D72}
		{6288E81C-39D5-44EF-A4F2-5535A3A8B7F3} = {61ADAC78-1967-4D96-8367-6A59C8DB6D72}
		{E3C11ECF-E6F0-4A01-9C25-63D69664505D} = {61ADAC78-1967-4D96-8367-6A59C8DB6D72}
		{F39F1AAC-4ACD-4E1D-8771-2572B400FFF7} = {61ADAC78-1967-4D96-8367-6A59C8DB6D72}
		{B8E7F30F-C734-4ADA-B6D2-A0D7F3046D80} = {8A55FF16-ADC5-4520-A70A-06AA3B3031CE}
		{CCB6DAE3-F0E6-4DCA-8D3B-3E8885FCCA8D} = {8A55FF16-ADC5-4520-A70A-06AA3B3031CE}
		{11AB5D27-730B-470B-86C5-0E9297ED4DD3} = {8A55FF16-ADC5-4520-A70A-06AA3B3031CE}
		{66735877-734F-4EE2-808B-CD581DF33DF5} = {8A55FF16-ADC5-4520-A70A-06AA3B3031CE}
		{C46768A8-5F97-4C63-AD78-738D7BD7F72A} = {8A55FF16-ADC5-4520-A70A-06AA3B3031CE}
		{4DDBB477-7942-40B5-9DEF-438887373F81} = {75BC42CE-D52B-483F-9B9B-AC7A92F4E066}
		{7BC05E87-D9FE-4AAB-B2E2-CAD86864FE2F} = {75BC42CE-D52B-483F-9B9B-AC7A92F4E066}
		{61959B55-6103-443A-A872-2AD45C03FA2F} = {75BC42CE-D52B-483F-9B9B-AC7A92F4E066}
		{DA7BD06D-2275-4250-BE4F-3255B7C1E573} = {75BC42CE-D52B-483F-9B9B-AC7A92F4E066}
		{6BA019DC-0F04-48B0-88D2-6D71FE55D26E} = {6FB8A0A7-53B3-4E6E-B478-9B53EE0BEE34}
		{51F0B12B-C4CC-482E-868E-B563EE4B6B9B} = {6FB8A0A7-53B3-4E6E-B478-9B53EE0BEE34}
		{AA7B7ECA-CB4A-41AE-B121-4B88F5A19485} = {6FB8A0A7-53B3-4E6E-B478-9B53EE0BEE34}
		{0AEE7272-BF41-4158-9C98-0957B1122612} = {6FB8A0A7-53B3-4E6E-B478-9B53EE0BEE34}
		{4F205D5E-135B-4268-AE38-711894EB0F8C} = {1C8C453C-A51B-492E-AC46-9C57324DF5CB}
	EndGlobalSection
	GlobalSection(ExtensibilityGlobals) = postSolution
		SolutionGuid = {71440AB9-2EB1-4305-A2AE-02615BB869C9}
	EndGlobalSection
EndGlobal
